
Microsoft Visual Studio Solution File, Format Version 12.00
# Visual Studio Version 16
VisualStudioVersion = 16.0.31424.327
MinimumVisualStudioVersion = 10.0.40219.1
Project("{FAE04EC0-301F-11D3-BF4B-00C04F79EFBC}") = "R2JPGomukoLib", "R2JPGomukoLib\R2JPGomukoLib.csproj", "{CDC58387-9EF1-478A-BDBE-C2219DDAFC66}"
EndProject
Project("{FAE04EC0-301F-11D3-BF4B-00C04F79EFBC}") = "R2JPGomukoConsole", "R2JPGomukoConsole\R2JPGomukoConsole.csproj", "{A6D70956-D3EC-48E4-9BB6-190E35980C72}"
EndProject
Global
	GlobalSection(SolutionConfigurationPlatforms) = preSolution
		Debug|Any CPU = Debug|Any CPU
		Release|Any CPU = Release|Any CPU
	EndGlobalSection
	GlobalSection(ProjectConfigurationPlatforms) = postSolution
		{CDC58387-9EF1-478A-BDBE-C2219DDAFC66}.Debug|Any CPU.ActiveCfg = Debug|Any CPU
		{CDC58387-9EF1-478A-BDBE-C2219DDAFC66}.Debug|Any CPU.Build.0 = Debug|Any CPU
		{CDC58387-9EF1-478A-BDBE-C2219DDAFC66}.Release|Any CPU.ActiveCfg = Release|Any CPU
		{CDC58387-9EF1-478A-BDBE-C2219DDAFC66}.Release|Any CPU.Build.0 = Release|Any CPU
		{A6D70956-D3EC-48E4-9BB6-190E35980C72}.Debug|Any CPU.ActiveCfg = Debug|Any CPU
		{A6D70956-D3EC-48E4-9BB6-190E35980C72}.Debug|Any CPU.Build.0 = Debug|Any CPU
		{A6D70956-D3EC-48E4-9BB6-190E35980C72}.Release|Any CPU.ActiveCfg = Release|Any CPU
		{A6D70956-D3EC-48E4-9BB6-190E35980C72}.Release|Any CPU.Build.0 = Release|Any CPU
	EndGlobalSection
	GlobalSection(SolutionProperties) = preSolution
		HideSolutionNode = FALSE
	EndGlobalSection
	GlobalSection(ExtensibilityGlobals) = postSolution
		SolutionGuid = {C47D6438-E81F-43E5-BF8A-0E4FC90856E2}
	EndGlobalSection
EndGlobal
